// !$*UTF8*$!
{
	archiveVersion = 1;
	classes = {
	};
	objectVersion = 56;
	objects = {

/* Begin PBXBuildFile section */
		952CF1992CAC3DA2003A2794 /* AppDelegate.swift in Sources */ = {isa = PBXBuildFile; fileRef = 952CF1982CAC3DA2003A2794 /* AppDelegate.swift */; };
		952CF19B2CAC3DA2003A2794 /* SceneDelegate.swift in Sources */ = {isa = PBXBuildFile; fileRef = 952CF19A2CAC3DA2003A2794 /* SceneDelegate.swift */; };
		952CF1A02CAC3DA2003A2794 /* Main.storyboard in Resources */ = {isa = PBXBuildFile; fileRef = 952CF19E2CAC3DA2003A2794 /* Main.storyboard */; };
		952CF1A22CAC3DA4003A2794 /* Assets.xcassets in Resources */ = {isa = PBXBuildFile; fileRef = 952CF1A12CAC3DA4003A2794 /* Assets.xcassets */; };
		952CF1A52CAC3DA4003A2794 /* LaunchScreen.storyboard in Resources */ = {isa = PBXBuildFile; fileRef = 952CF1A32CAC3DA4003A2794 /* LaunchScreen.storyboard */; };
		952CF1AD2CAD3C47003A2794 /* Character.swift in Sources */ = {isa = PBXBuildFile; fileRef = 952CF1AC2CAD3C47003A2794 /* Character.swift */; };
		952CF1AF2CAD3DBF003A2794 /* MockCharacters.swift in Sources */ = {isa = PBXBuildFile; fileRef = 952CF1AE2CAD3DBF003A2794 /* MockCharacters.swift */; };
		952CF1B12CAD40AC003A2794 /* CharactersListViewController.swift in Sources */ = {isa = PBXBuildFile; fileRef = 952CF1B02CAD40AC003A2794 /* CharactersListViewController.swift */; };
		952CF1B32CAD4288003A2794 /* CharacterCellViewController.swift in Sources */ = {isa = PBXBuildFile; fileRef = 952CF1B22CAD4288003A2794 /* CharacterCellViewController.swift */; };
		952CF1B62CAD43D6003A2794 /* Kingfisher in Frameworks */ = {isa = PBXBuildFile; productRef = 952CF1B52CAD43D6003A2794 /* Kingfisher */; };
		952CF1B82CAD4F74003A2794 /* CharacterDescriptionViewController.swift in Sources */ = {isa = PBXBuildFile; fileRef = 952CF1B72CAD4F74003A2794 /* CharacterDescriptionViewController.swift */; };
		952CF1BF2CAD90FC003A2794 /* CharactersListViewModel.swift in Sources */ = {isa = PBXBuildFile; fileRef = 952CF1BE2CAD90FC003A2794 /* CharactersListViewModel.swift */; };
		952CF1C12CAD91FB003A2794 /* Coordinator.swift in Sources */ = {isa = PBXBuildFile; fileRef = 952CF1C02CAD91FB003A2794 /* Coordinator.swift */; };
		952CF1C32CAD94CE003A2794 /* CharacterDescriptionViewModel.swift in Sources */ = {isa = PBXBuildFile; fileRef = 952CF1C22CAD94CE003A2794 /* CharacterDescriptionViewModel.swift */; };
/* End PBXBuildFile section */

/* Begin PBXFileReference section */
		952CF1952CAC3DA2003A2794 /* tomusTest.app */ = {isa = PBXFileReference; explicitFileType = wrapper.application; includeInIndex = 0; path = tomusTest.app; sourceTree = BUILT_PRODUCTS_DIR; };
		952CF1982CAC3DA2003A2794 /* AppDelegate.swift */ = {isa = PBXFileReference; lastKnownFileType = sourcecode.swift; path = AppDelegate.swift; sourceTree = "<group>"; };
		952CF19A2CAC3DA2003A2794 /* SceneDelegate.swift */ = {isa = PBXFileReference; lastKnownFileType = sourcecode.swift; path = SceneDelegate.swift; sourceTree = "<group>"; };
		952CF19F2CAC3DA2003A2794 /* Base */ = {isa = PBXFileReference; lastKnownFileType = file.storyboard; name = Base; path = Base.lproj/Main.storyboard; sourceTree = "<group>"; };
		952CF1A12CAC3DA4003A2794 /* Assets.xcassets */ = {isa = PBXFileReference; lastKnownFileType = folder.assetcatalog; path = Assets.xcassets; sourceTree = "<group>"; };
		952CF1A42CAC3DA4003A2794 /* Base */ = {isa = PBXFileReference; lastKnownFileType = file.storyboard; name = Base; path = Base.lproj/LaunchScreen.storyboard; sourceTree = "<group>"; };
		952CF1A62CAC3DA4003A2794 /* Info.plist */ = {isa = PBXFileReference; lastKnownFileType = text.plist.xml; path = Info.plist; sourceTree = "<group>"; };
		952CF1AC2CAD3C47003A2794 /* Character.swift */ = {isa = PBXFileReference; lastKnownFileType = sourcecode.swift; path = Character.swift; sourceTree = "<group>"; };
		952CF1AE2CAD3DBF003A2794 /* MockCharacters.swift */ = {isa = PBXFileReference; lastKnownFileType = sourcecode.swift; path = MockCharacters.swift; sourceTree = "<group>"; };
		952CF1B02CAD40AC003A2794 /* CharactersListViewController.swift */ = {isa = PBXFileReference; lastKnownFileType = sourcecode.swift; path = CharactersListViewController.swift; sourceTree = "<group>"; };
		952CF1B22CAD4288003A2794 /* CharacterCellViewController.swift */ = {isa = PBXFileReference; lastKnownFileType = sourcecode.swift; path = CharacterCellViewController.swift; sourceTree = "<group>"; };
		952CF1B72CAD4F74003A2794 /* CharacterDescriptionViewController.swift */ = {isa = PBXFileReference; lastKnownFileType = sourcecode.swift; path = CharacterDescriptionViewController.swift; sourceTree = "<group>"; };
		952CF1BE2CAD90FC003A2794 /* CharactersListViewModel.swift */ = {isa = PBXFileReference; lastKnownFileType = sourcecode.swift; path = CharactersListViewModel.swift; sourceTree = "<group>"; };
		952CF1C02CAD91FB003A2794 /* Coordinator.swift */ = {isa = PBXFileReference; lastKnownFileType = sourcecode.swift; path = Coordinator.swift; sourceTree = "<group>"; };
		952CF1C22CAD94CE003A2794 /* CharacterDescriptionViewModel.swift */ = {isa = PBXFileReference; lastKnownFileType = sourcecode.swift; path = CharacterDescriptionViewModel.swift; sourceTree = "<group>"; };
/* End PBXFileReference section */

/* Begin PBXFrameworksBuildPhase section */
		952CF1922CAC3DA2003A2794 /* Frameworks */ = {
			isa = PBXFrameworksBuildPhase;
			buildActionMask = 2147483647;
			files = (
				952CF1B62CAD43D6003A2794 /* Kingfisher in Frameworks */,
			);
			runOnlyForDeploymentPostprocessing = 0;
		};
/* End PBXFrameworksBuildPhase section */

/* Begin PBXGroup section */
		952CF18C2CAC3DA2003A2794 = {
			isa = PBXGroup;
			children = (
				952CF1972CAC3DA2003A2794 /* tomusTest */,
				952CF1962CAC3DA2003A2794 /* Products */,
			);
			sourceTree = "<group>";
		};
		952CF1962CAC3DA2003A2794 /* Products */ = {
			isa = PBXGroup;
			children = (
				952CF1952CAC3DA2003A2794 /* tomusTest.app */,
			);
			name = Products;
			sourceTree = "<group>";
		};
		952CF1972CAC3DA2003A2794 /* tomusTest */ = {
			isa = PBXGroup;
			children = (
				952CF1982CAC3DA2003A2794 /* AppDelegate.swift */,
				952CF19A2CAC3DA2003A2794 /* SceneDelegate.swift */,
				952CF1C02CAD91FB003A2794 /* Coordinator.swift */,
				952CF1BA2CAD643E003A2794 /* Models */,
				952CF1B92CAD641C003A2794 /* Characters list */,
				952CF1BB2CAD6454003A2794 /* Character description */,
				952CF19E2CAC3DA2003A2794 /* Main.storyboard */,
				952CF1A12CAC3DA4003A2794 /* Assets.xcassets */,
				952CF1A32CAC3DA4003A2794 /* LaunchScreen.storyboard */,
				952CF1A62CAC3DA4003A2794 /* Info.plist */,
			);
			path = tomusTest;
			sourceTree = "<group>";
		};
		952CF1B92CAD641C003A2794 /* Characters list */ = {
			isa = PBXGroup;
			children = (
				952CF1B02CAD40AC003A2794 /* CharactersListViewController.swift */,
				952CF1B22CAD4288003A2794 /* CharacterCellViewController.swift */,
				952CF1BE2CAD90FC003A2794 /* CharactersListViewModel.swift */,
			);
			path = "Characters list";
			sourceTree = "<group>";
		};
		952CF1BA2CAD643E003A2794 /* Models */ = {
			isa = PBXGroup;
			children = (
				952CF1AC2CAD3C47003A2794 /* Character.swift */,
				952CF1AE2CAD3DBF003A2794 /* MockCharacters.swift */,
			);
			path = Models;
			sourceTree = "<group>";
		};
		952CF1BB2CAD6454003A2794 /* Character description */ = {
			isa = PBXGroup;
			children = (
				952CF1B72CAD4F74003A2794 /* CharacterDescriptionViewController.swift */,
				952CF1C22CAD94CE003A2794 /* CharacterDescriptionViewModel.swift */,
			);
			path = "Character description";
			sourceTree = "<group>";
		};
/* End PBXGroup section */

/* Begin PBXNativeTarget section */
		952CF1942CAC3DA2003A2794 /* tomusTest */ = {
			isa = PBXNativeTarget;
			buildConfigurationList = 952CF1A92CAC3DA4003A2794 /* Build configuration list for PBXNativeTarget "tomusTest" */;
			buildPhases = (
				952CF1912CAC3DA2003A2794 /* Sources */,
				952CF1922CAC3DA2003A2794 /* Frameworks */,
				952CF1932CAC3DA2003A2794 /* Resources */,
			);
			buildRules = (
			);
			dependencies = (
			);
			name = tomusTest;
			packageProductDependencies = (
				952CF1B52CAD43D6003A2794 /* Kingfisher */,
			);
			productName = tomusTest;
			productReference = 952CF1952CAC3DA2003A2794 /* tomusTest.app */;
			productType = "com.apple.product-type.application";
		};
/* End PBXNativeTarget section */

/* Begin PBXProject section */
		952CF18D2CAC3DA2003A2794 /* Project object */ = {
			isa = PBXProject;
			attributes = {
				BuildIndependentTargetsInParallel = 1;
				LastSwiftUpdateCheck = 1520;
				LastUpgradeCheck = 1520;
				TargetAttributes = {
					952CF1942CAC3DA2003A2794 = {
						CreatedOnToolsVersion = 15.2;
					};
				};
			};
			buildConfigurationList = 952CF1902CAC3DA2003A2794 /* Build configuration list for PBXProject "tomusTest" */;
			compatibilityVersion = "Xcode 14.0";
			developmentRegion = en;
			hasScannedForEncodings = 0;
			knownRegions = (
				en,
				Base,
			);
			mainGroup = 952CF18C2CAC3DA2003A2794;
			packageReferences = (
				952CF1B42CAD43D6003A2794 /* XCRemoteSwiftPackageReference "Kingfisher" */,
			);
			productRefGroup = 952CF1962CAC3DA2003A2794 /* Products */;
			projectDirPath = "";
			projectRoot = "";
			targets = (
				952CF1942CAC3DA2003A2794 /* tomusTest */,
			);
		};
/* End PBXProject section */

/* Begin PBXResourcesBuildPhase section */
		952CF1932CAC3DA2003A2794 /* Resources */ = {
			isa = PBXResourcesBuildPhase;
			buildActionMask = 2147483647;
			files = (
				952CF1A52CAC3DA4003A2794 /* LaunchScreen.storyboard in Resources */,
				952CF1A22CAC3DA4003A2794 /* Assets.xcassets in Resources */,
				952CF1A02CAC3DA2003A2794 /* Main.storyboard in Resources */,
			);
			runOnlyForDeploymentPostprocessing = 0;
		};
/* End PBXResourcesBuildPhase section */

/* Begin PBXSourcesBuildPhase section */
		952CF1912CAC3DA2003A2794 /* Sources */ = {
			isa = PBXSourcesBuildPhase;
			buildActionMask = 2147483647;
			files = (
				952CF1BF2CAD90FC003A2794 /* CharactersListViewModel.swift in Sources */,
				952CF1B12CAD40AC003A2794 /* CharactersListViewController.swift in Sources */,
				952CF1C12CAD91FB003A2794 /* Coordinator.swift in Sources */,
				952CF1B32CAD4288003A2794 /* CharacterCellViewController.swift in Sources */,
				952CF1992CAC3DA2003A2794 /* AppDelegate.swift in Sources */,
				952CF1C32CAD94CE003A2794 /* CharacterDescriptionViewModel.swift in Sources */,
				952CF19B2CAC3DA2003A2794 /* SceneDelegate.swift in Sources */,
				952CF1B82CAD4F74003A2794 /* CharacterDescriptionViewController.swift in Sources */,
				952CF1AD2CAD3C47003A2794 /* Character.swift in Sources */,
				952CF1AF2CAD3DBF003A2794 /* MockCharacters.swift in Sources */,
			);
			runOnlyForDeploymentPostprocessing = 0;
		};
/* End PBXSourcesBuildPhase section */

/* Begin PBXVariantGroup section */
		952CF19E2CAC3DA2003A2794 /* Main.storyboard */ = {
			isa = PBXVariantGroup;
			children = (
				952CF19F2CAC3DA2003A2794 /* Base */,
			);
			name = Main.storyboard;
			sourceTree = "<group>";
		};
		952CF1A32CAC3DA4003A2794 /* LaunchScreen.storyboard */ = {
			isa = PBXVariantGroup;
			children = (
				952CF1A42CAC3DA4003A2794 /* Base */,
			);
			name = LaunchScreen.storyboard;
			sourceTree = "<group>";
		};
/* End PBXVariantGroup section */

/* Begin XCBuildConfiguration section */
		952CF1A72CAC3DA4003A2794 /* Debug */ = {
			isa = XCBuildConfiguration;
			buildSettings = {
				ALWAYS_SEARCH_USER_PATHS = NO;
				ASSETCATALOG_COMPILER_GENERATE_SWIFT_ASSET_SYMBOL_EXTENSIONS = YES;
				CLANG_ANALYZER_NONNULL = YES;
				CLANG_ANALYZER_NUMBER_OBJECT_CONVERSION = YES_AGGRESSIVE;
				CLANG_CXX_LANGUAGE_STANDARD = "gnu++20";
				CLANG_ENABLE_MODULES = YES;
				CLANG_ENABLE_OBJC_ARC = YES;
				CLANG_ENABLE_OBJC_WEAK = YES;
				CLANG_WARN_BLOCK_CAPTURE_AUTORELEASING = YES;
				CLANG_WARN_BOOL_CONVERSION = YES;
				CLANG_WARN_COMMA = YES;
				CLANG_WARN_CONSTANT_CONVERSION = YES;
				CLANG_WARN_DEPRECATED_OBJC_IMPLEMENTATIONS = YES;
				CLANG_WARN_DIRECT_OBJC_ISA_USAGE = YES_ERROR;
				CLANG_WARN_DOCUMENTATION_COMMENTS = YES;
				CLANG_WARN_EMPTY_BODY = YES;
				CLANG_WARN_ENUM_CONVERSION = YES;
				CLANG_WARN_INFINITE_RECURSION = YES;
				CLANG_WARN_INT_CONVERSION = YES;
				CLANG_WARN_NON_LITERAL_NULL_CONVERSION = YES;
				CLANG_WARN_OBJC_IMPLICIT_RETAIN_SELF = YES;
				CLANG_WARN_OBJC_LITERAL_CONVERSION = YES;
				CLANG_WARN_OBJC_ROOT_CLASS = YES_ERROR;
				CLANG_WARN_QUOTED_INCLUDE_IN_FRAMEWORK_HEADER = YES;
				CLANG_WARN_RANGE_LOOP_ANALYSIS = YES;
				CLANG_WARN_STRICT_PROTOTYPES = YES;
				CLANG_WARN_SUSPICIOUS_MOVE = YES;
				CLANG_WARN_UNGUARDED_AVAILABILITY = YES_AGGRESSIVE;
				CLANG_WARN_UNREACHABLE_CODE = YES;
				CLANG_WARN__DUPLICATE_METHOD_MATCH = YES;
				COPY_PHASE_STRIP = NO;
				DEBUG_INFORMATION_FORMAT = dwarf;
				ENABLE_STRICT_OBJC_MSGSEND = YES;
				ENABLE_TESTABILITY = YES;
				ENABLE_USER_SCRIPT_SANDBOXING = YES;
				GCC_C_LANGUAGE_STANDARD = gnu17;
				GCC_DYNAMIC_NO_PIC = NO;
				GCC_NO_COMMON_BLOCKS = YES;
				GCC_OPTIMIZATION_LEVEL = 0;
				GCC_PREPROCESSOR_DEFINITIONS = (
					"DEBUG=1",
					"$(inherited)",
				);
				GCC_WARN_64_TO_32_BIT_CONVERSION = YES;
				GCC_WARN_ABOUT_RETURN_TYPE = YES_ERROR;
				GCC_WARN_UNDECLARED_SELECTOR = YES;
				GCC_WARN_UNINITIALIZED_AUTOS = YES_AGGRESSIVE;
				GCC_WARN_UNUSED_FUNCTION = YES;
				GCC_WARN_UNUSED_VARIABLE = YES;
				IPHONEOS_DEPLOYMENT_TARGET = 16.0;
				LOCALIZATION_PREFERS_STRING_CATALOGS = YES;
				MTL_ENABLE_DEBUG_INFO = INCLUDE_SOURCE;
				MTL_FAST_MATH = YES;
				ONLY_ACTIVE_ARCH = YES;
				SDKROOT = iphoneos;
				SWIFT_ACTIVE_COMPILATION_CONDITIONS = "DEBUG $(inherited)";
				SWIFT_OPTIMIZATION_LEVEL = "-Onone";
			};
			name = Debug;
		};
		952CF1A82CAC3DA4003A2794 /* Release */ = {
			isa = XCBuildConfiguration;
			buildSettings = {
				ALWAYS_SEARCH_USER_PATHS = NO;
				ASSETCATALOG_COMPILER_GENERATE_SWIFT_ASSET_SYMBOL_EXTENSIONS = YES;
				CLANG_ANALYZER_NONNULL = YES;
				CLANG_ANALYZER_NUMBER_OBJECT_CONVERSION = YES_AGGRESSIVE;
				CLANG_CXX_LANGUAGE_STANDARD = "gnu++20";
				CLANG_ENABLE_MODULES = YES;
				CLANG_ENABLE_OBJC_ARC = YES;
				CLANG_ENABLE_OBJC_WEAK = YES;
				CLANG_WARN_BLOCK_CAPTURE_AUTORELEASING = YES;
				CLANG_WARN_BOOL_CONVERSION = YES;
				CLANG_WARN_COMMA = YES;
				CLANG_WARN_CONSTANT_CONVERSION = YES;
				CLANG_WARN_DEPRECATED_OBJC_IMPLEMENTATIONS = YES;
				CLANG_WARN_DIRECT_OBJC_ISA_USAGE = YES_ERROR;
				CLANG_WARN_DOCUMENTATION_COMMENTS = YES;
				CLANG_WARN_EMPTY_BODY = YES;
				CLANG_WARN_ENUM_CONVERSION = YES;
				CLANG_WARN_INFINITE_RECURSION = YES;
				CLANG_WARN_INT_CONVERSION = YES;
				CLANG_WARN_NON_LITERAL_NULL_CONVERSION = YES;
				CLANG_WARN_OBJC_IMPLICIT_RETAIN_SELF = YES;
				CLANG_WARN_OBJC_LITERAL_CONVERSION = YES;
				CLANG_WARN_OBJC_ROOT_CLASS = YES_ERROR;
				CLANG_WARN_QUOTED_INCLUDE_IN_FRAMEWORK_HEADER = YES;
				CLANG_WARN_RANGE_LOOP_ANALYSIS = YES;
				CLANG_WARN_STRICT_PROTOTYPES = YES;
				CLANG_WARN_SUSPICIOUS_MOVE = YES;
				CLANG_WARN_UNGUARDED_AVAILABILITY = YES_AGGRESSIVE;
				CLANG_WARN_UNREACHABLE_CODE = YES;
				CLANG_WARN__DUPLICATE_METHOD_MATCH = YES;
				COPY_PHASE_STRIP = NO;
				DEBUG_INFORMATION_FORMAT = "dwarf-with-dsym";
				ENABLE_NS_ASSERTIONS = NO;
				ENABLE_STRICT_OBJC_MSGSEND = YES;
				ENABLE_USER_SCRIPT_SANDBOXING = YES;
				GCC_C_LANGUAGE_STANDARD = gnu17;
				GCC_NO_COMMON_BLOCKS = YES;
				GCC_WARN_64_TO_32_BIT_CONVERSION = YES;
				GCC_WARN_ABOUT_RETURN_TYPE = YES_ERROR;
				GCC_WARN_UNDECLARED_SELECTOR = YES;
				GCC_WARN_UNINITIALIZED_AUTOS = YES_AGGRESSIVE;
				GCC_WARN_UNUSED_FUNCTION = YES;
				GCC_WARN_UNUSED_VARIABLE = YES;
				IPHONEOS_DEPLOYMENT_TARGET = 16.0;
				LOCALIZATION_PREFERS_STRING_CATALOGS = YES;
				MTL_ENABLE_DEBUG_INFO = NO;
				MTL_FAST_MATH = YES;
				SDKROOT = iphoneos;
				SWIFT_COMPILATION_MODE = wholemodule;
				VALIDATE_PRODUCT = YES;
			};
			name = Release;
		};
		952CF1AA2CAC3DA4003A2794 /* Debug */ = {
			isa = XCBuildConfiguration;
			buildSettings = {
				ASSETCATALOG_COMPILER_APPICON_NAME = AppIcon;
				ASSETCATALOG_COMPILER_GLOBAL_ACCENT_COLOR_NAME = AccentColor;
				CODE_SIGN_STYLE = Automatic;
				CURRENT_PROJECT_VERSION = 1;
				DEVELOPMENT_TEAM = 6KUU5G29FF;
				GENERATE_INFOPLIST_FILE = YES;
				INFOPLIST_FILE = tomusTest/Info.plist;
				INFOPLIST_KEY_UIApplicationSupportsIndirectInputEvents = YES;
				INFOPLIST_KEY_UILaunchStoryboardName = LaunchScreen;
				INFOPLIST_KEY_UIMainStoryboardFile = Main;
				INFOPLIST_KEY_UISupportedInterfaceOrientations = UIInterfaceOrientationPortrait;
				IPHONEOS_DEPLOYMENT_TARGET = 16.0;
				LD_RUNPATH_SEARCH_PATHS = (
					"$(inherited)",
					"@executable_path/Frameworks",
				);
				MARKETING_VERSION = 1.0;
				PRODUCT_BUNDLE_IDENTIFIER = AnnaIvanova.tomusTest;
				PRODUCT_NAME = "$(TARGET_NAME)";
				SWIFT_EMIT_LOC_STRINGS = YES;
				SWIFT_VERSION = 5.0;
				TARGETED_DEVICE_FAMILY = "1,2";
			};
			name = Debug;
		};
		952CF1AB2CAC3DA4003A2794 /* Release */ = {
			isa = XCBuildConfiguration;
			buildSettings = {
				ASSETCATALOG_COMPILER_APPICON_NAME = AppIcon;
				ASSETCATALOG_COMPILER_GLOBAL_ACCENT_COLOR_NAME = AccentColor;
				CODE_SIGN_STYLE = Automatic;
				CURRENT_PROJECT_VERSION = 1;
				DEVELOPMENT_TEAM = 6KUU5G29FF;
				GENERATE_INFOPLIST_FILE = YES;
				INFOPLIST_FILE = tomusTest/Info.plist;
				INFOPLIST_KEY_UIApplicationSupportsIndirectInputEvents = YES;
				INFOPLIST_KEY_UILaunchStoryboardName = LaunchScreen;
				INFOPLIST_KEY_UIMainStoryboardFile = Main;
				INFOPLIST_KEY_UISupportedInterfaceOrientations = UIInterfaceOrientationPortrait;
				IPHONEOS_DEPLOYMENT_TARGET = 16.0;
				LD_RUNPATH_SEARCH_PATHS = (
					"$(inherited)",
					"@executable_path/Frameworks",
				);
				MARKETING_VERSION = 1.0;
				PRODUCT_BUNDLE_IDENTIFIER = AnnaIvanova.tomusTest;
				PRODUCT_NAME = "$(TARGET_NAME)";
				SWIFT_EMIT_LOC_STRINGS = YES;
				SWIFT_VERSION = 5.0;
				TARGETED_DEVICE_FAMILY = "1,2";
			};
			name = Release;
		};
/* End XCBuildConfiguration section */

/* Begin XCConfigurationList section */
		952CF1902CAC3DA2003A2794 /* Build configuration list for PBXProject "tomusTest" */ = {
			isa = XCConfigurationList;
			buildConfigurations = (
				952CF1A72CAC3DA4003A2794 /* Debug */,
				952CF1A82CAC3DA4003A2794 /* Release */,
			);
			defaultConfigurationIsVisible = 0;
			defaultConfigurationName = Release;
		};
		952CF1A92CAC3DA4003A2794 /* Build configuration list for PBXNativeTarget "tomusTest" */ = {
			isa = XCConfigurationList;
			buildConfigurations = (
				952CF1AA2CAC3DA4003A2794 /* Debug */,
				952CF1AB2CAC3DA4003A2794 /* Release */,
			);
			defaultConfigurationIsVisible = 0;
			defaultConfigurationName = Release;
		};
/* End XCConfigurationList section */

/* Begin XCRemoteSwiftPackageReference section */
		952CF1B42CAD43D6003A2794 /* XCRemoteSwiftPackageReference "Kingfisher" */ = {
			isa = XCRemoteSwiftPackageReference;
			repositoryURL = "https://github.com/onevcat/Kingfisher";
			requirement = {
				kind = upToNextMajorVersion;
				minimumVersion = 8.0.3;
			};
		};
/* End XCRemoteSwiftPackageReference section */

/* Begin XCSwiftPackageProductDependency section */
		952CF1B52CAD43D6003A2794 /* Kingfisher */ = {
			isa = XCSwiftPackageProductDependency;
			package = 952CF1B42CAD43D6003A2794 /* XCRemoteSwiftPackageReference "Kingfisher" */;
			productName = Kingfisher;
		};
/* End XCSwiftPackageProductDependency section */
	};
	rootObject = 952CF18D2CAC3DA2003A2794 /* Project object */;
}
